{
  "version": 1,
  "dependencies": {
    "net9.0": {
      "coverlet.collector": {
        "type": "Direct",
        "requested": "[6.0.0, )",
        "resolved": "6.0.0",
        "contentHash": "tW3lsNS+dAEII6YGUX/VMoJjBS1QvsxqJeqLaJXub08y1FSjasFPtQ4UBUsudE9PNrzLjooClMsPtY2cZLdXpQ=="
      },
      "Microsoft.EntityFrameworkCore": {
        "type": "Direct",
        "requested": "[9.0.4, )",
        "resolved": "9.0.4",
        "contentHash": "+5IAX0aicQYCRfN4pAjad+JPwdEYoVEM3Z1Cl8/EiEv3FVHQHdd8TJQpQIslQDDQS/UsUMb0MsOXwqOh+TJtRw==",
        "dependencies": {
          "Microsoft.EntityFrameworkCore.Abstractions": "9.0.4",
          "Microsoft.EntityFrameworkCore.Analyzers": "9.0.4",
          "Microsoft.Extensions.Caching.Memory": "9.0.4",
          "Microsoft.Extensions.Logging": "9.0.4"
        }
      },
      "Microsoft.Extensions.Logging": {
        "type": "Direct",
        "requested": "[9.0.4, )",
        "resolved": "9.0.4",
        "contentHash": "xW6QPYsqhbuWBO9/1oA43g/XPKbohJx+7G8FLQgQXIriYvY7s+gxr2wjQJfRoPO900dvvv2vVH7wZovG+M1m6w==",
        "dependencies": {
          "Microsoft.Extensions.DependencyInjection": "9.0.4",
          "Microsoft.Extensions.Logging.Abstractions": "9.0.4",
          "Microsoft.Extensions.Options": "9.0.4"
        }
      },
      "Microsoft.NET.Test.Sdk": {
        "type": "Direct",
        "requested": "[17.14.0-preview-25107-01, )",
        "resolved": "17.14.0-preview-25107-01",
        "contentHash": "dpmjR7hyR7zuu+l5CUzAT7lsZy66L3UzxpvqZ/ZHmuwP0cBnYr4/qHzc8g7a10dVq1EEfXHV79PMnMbz6Gn4zA==",
        "dependencies": {
          "Microsoft.CodeCoverage": "17.14.0-preview-25107-01",
          "Microsoft.TestPlatform.TestHost": "17.14.0-preview-25107-01"
        }
      },
      "Moq": {
        "type": "Direct",
        "requested": "[4.20.72, )",
        "resolved": "4.20.72",
        "contentHash": "EA55cjyNn8eTNWrgrdZJH5QLFp2L43oxl1tlkoYUKIE9pRwL784OWiTXeCV5ApS+AMYEAlt7Fo03A2XfouvHmQ==",
        "dependencies": {
          "Castle.Core": "5.1.1"
        }
      },
      "prometheus-net": {
        "type": "Direct",
        "requested": "[8.2.1, )",
        "resolved": "8.2.1",
        "contentHash": "3wVgdEPOCBF752s2xps5T+VH+c9mJK8S8GKEDg49084P6JZMumTZI5Te6aJ9MQpX0sx7om6JOnBpIi7ZBmmiDQ==",
        "dependencies": {
          "Microsoft.Extensions.Http": "3.1.0",
          "Microsoft.Extensions.ObjectPool": "7.0.0"
        }
      },
      "xunit": {
        "type": "Direct",
        "requested": "[2.9.3, )",
        "resolved": "2.9.3",
        "contentHash": "TlXQBinK35LpOPKHAqbLY4xlEen9TBafjs0V5KnA4wZsoQLQJiirCR4CbIXvOH8NzkW4YeJKP5P/Bnrodm0h9Q==",
        "dependencies": {
          "xunit.analyzers": "1.18.0",
          "xunit.assert": "2.9.3",
          "xunit.core": "[2.9.3]"
        }
      },
      "xunit.runner.visualstudio": {
        "type": "Direct",
        "requested": "[2.5.6, )",
        "resolved": "2.5.6",
        "contentHash": "CW6uhMXNaQQNMSG1IWhHkBT+V5eqHqn7MP0zfNMhU9wS/sgKX7FGL3rzoaUgt26wkY3bpf7pDVw3IjXhwfiP4w=="
      },
      "BouncyCastle.Cryptography": {
        "type": "Transitive",
        "resolved": "2.5.1",
        "contentHash": "zy8TMeTP+1FH2NrLaNZtdRbBdq7u5MI+NFZQOBSM69u5RFkciinwzV2eveY6Kjf5MzgsYvvl6kTStsj3JrXqkg=="
      },
      "Castle.Core": {
        "type": "Transitive",
        "resolved": "5.1.1",
        "contentHash": "rpYtIczkzGpf+EkZgDr9CClTdemhsrwA/W5hMoPjLkRFnXzH44zDLoovXeKtmxb1ykXK9aJVODSpiJml8CTw2g==",
        "dependencies": {
          "System.Diagnostics.EventLog": "6.0.0"
        }
      },
      "Google.Protobuf": {
        "type": "Transitive",
        "resolved": "3.30.0",
        "contentHash": "ZnEI4oZWnHvd+Yz5Gcnx5Q5RQIuzptIzd0fmxAN8f81FYHI0USZqMOrPTkrsd/QEzo9vl2b217v9FqFgHfufQw=="
      },
      "K4os.Compression.LZ4": {
        "type": "Transitive",
        "resolved": "1.3.8",
        "contentHash": "LhwlPa7c1zs1OV2XadMtAWdImjLIsqFJPoRcIWAadSRn0Ri1DepK65UbWLPmt4riLqx2d40xjXRk0ogpqNtK7g=="
      },
      "K4os.Compression.LZ4.Streams": {
        "type": "Transitive",
        "resolved": "1.3.8",
        "contentHash": "P15qr8dZAeo9GvYbUIPEYFQ0MEJ0i5iqr37wsYeRC3la2uCldOoeCa6to0CZ1taiwxIV+Mk8NGuZi+4iWivK9w==",
        "dependencies": {
          "K4os.Compression.LZ4": "1.3.8",
          "K4os.Hash.xxHash": "1.0.8",
          "System.IO.Pipelines": "6.0.3"
        }
      },
      "K4os.Hash.xxHash": {
        "type": "Transitive",
        "resolved": "1.0.8",
        "contentHash": "Wp2F7BamQ2Q/7Hk834nV9vRQapgcr8kgv9Jvfm8J3D0IhDqZMMl+a2yxUq5ltJitvXvQfB8W6K4F4fCbw/P6YQ=="
      },
      "Microsoft.AspNetCore.Authentication.JwtBearer": {
        "type": "Transitive",
        "resolved": "9.0.0-preview.3.24172.13",
        "contentHash": "5UfkeQYY+VrWWz4/khtmd5dciStJHg+TrKd/9X9X8G9aDpSz04yntMdqytc704zv23Qx2AXYsZ0+hCahAADhMQ==",
        "dependencies": {
          "Microsoft.IdentityModel.Protocols.OpenIdConnect": "7.1.2"
        }
      },
      "Microsoft.AspNetCore.OpenApi": {
        "type": "Transitive",
        "resolved": "9.0.0-preview.3.24172.13",
        "contentHash": "JFv8WHkfZia+MqhryS10WhvHBGa9oDZ8MthOhqVDpMg2QgwKLgMK6i0T8u70tjnajUEU9hMM2LgBKDj9qtdTIA==",
        "dependencies": {
          "Microsoft.OpenApi": "1.6.13"
        }
      },
      "Microsoft.CodeCoverage": {
        "type": "Transitive",
        "resolved": "17.14.0-preview-25107-01",
        "contentHash": "UREiMyOL9JUnsgy8D3+rn5Q5Q8aWUQUaHj0g3KZ1H/cbBP+hJLlOLpnqRWqQjqMbzt+NnxUyEcjP9uTGAohW/g=="
      },
      "Microsoft.EntityFrameworkCore.Abstractions": {
        "type": "Transitive",
        "resolved": "9.0.4",
        "contentHash": "E0pkWzI0liqu2ogqJ1kohk2eGkYRhf5tI75HGF6IQDARsshY/0w+prGyLvNuUeV7B8I7vYQZ4CzAKYKxw7b9gQ=="
      },
      "Microsoft.EntityFrameworkCore.Analyzers": {
        "type": "Transitive",
        "resolved": "9.0.4",
        "contentHash": "cMsm1O7g9X5qbB2wjHf3BVVvGwkG+zeXQ+M91I1Bm6RfylFMImqBPzs0+vmuef7fPxr2yOzPhIfJ2wQJfmtaSw=="
      },
      "Microsoft.EntityFrameworkCore.Relational": {
        "type": "Transitive",
        "resolved": "9.0.0-preview.1.24081.2",
        "contentHash": "RswSi9jQG30je19mZ+wFi1YfCqd1tD6ajSZuLETtobPB6Tl0NtFZUZ7riZeNTTK3kB4lnVBH+SGHQ5Ez8v/npQ==",
        "dependencies": {
          "Microsoft.EntityFrameworkCore": "9.0.0-preview.1.24081.2",
          "Microsoft.Extensions.Configuration.Abstractions": "9.0.0-preview.1.24080.9"
        }
      },
      "Microsoft.Extensions.ApiDescription.Server": {
        "type": "Transitive",
        "resolved": "6.0.5",
        "contentHash": "Ckb5EDBUNJdFWyajfXzUIMRkhf52fHZOQuuZg/oiu8y7zDCVwD0iHhew6MnThjHmevanpxL3f5ci2TtHQEN6bw=="
      },
      "Microsoft.Extensions.Caching.Abstractions": {
        "type": "Transitive",
        "resolved": "9.0.4",
        "contentHash": "imcZ5BGhBw5mNsWLepBbqqumWaFe0GtvyCvne2/2wsDIBRa2+Lhx4cU/pKt/4BwOizzUEOls2k1eOJQXHGMalg==",
        "dependencies": {
          "Microsoft.Extensions.Primitives": "9.0.4"
        }
      },
      "Microsoft.Extensions.Caching.Memory": {
        "type": "Transitive",
        "resolved": "9.0.4",
        "contentHash": "G5rEq1Qez5VJDTEyRsRUnewAspKjaY57VGsdZ8g8Ja6sXXzoiI3PpTd1t43HjHqNWD5A06MQveb2lscn+2CU+w==",
        "dependencies": {
          "Microsoft.Extensions.Caching.Abstractions": "9.0.4",
          "Microsoft.Extensions.DependencyInjection.Abstractions": "9.0.4",
          "Microsoft.Extensions.Logging.Abstractions": "9.0.4",
          "Microsoft.Extensions.Options": "9.0.4",
          "Microsoft.Extensions.Primitives": "9.0.4"
        }
      },
      "Microsoft.Extensions.Configuration": {
        "type": "Transitive",
        "resolved": "9.0.0-preview.2.24128.5",
        "contentHash": "28HPPLPhlft6LNQsNM48XIAVmgAtlOIdWxL0rLrov/HW34UqkHixWsUUw81mZqiJ9UFmTNGunMgQZEN34TOr5w==",
        "dependencies": {
          "Microsoft.Extensions.Configuration.Abstractions": "9.0.0-preview.2.24128.5",
          "Microsoft.Extensions.Primitives": "9.0.0-preview.2.24128.5"
        }
      },
      "Microsoft.Extensions.Configuration.Abstractions": {
        "type": "Transitive",
        "resolved": "9.0.0-preview.2.24128.5",
        "contentHash": "LiasOr8XbC0YAV+saqBUi90Wc4rc1gpkq7MzMNBAvE7KnuxQdlxgd7sN4dgr9uWfs76ivfHQOJefI4LPuwViOg==",
        "dependencies": {
          "Microsoft.Extensions.Primitives": "9.0.0-preview.2.24128.5"
        }
      },
      "Microsoft.Extensions.Configuration.Binder": {
        "type": "Transitive",
        "resolved": "9.0.0-preview.2.24128.5",
        "contentHash": "x+kIsyN+Ovv/QRsWyxoePRLz8PzQqlJweEZMdaLzAi5ZJylZ4z2KGrlQmak15aKB6mgrTL1z/mdtQG6K5BtmEw==",
        "dependencies": {
          "Microsoft.Extensions.Configuration.Abstractions": "9.0.0-preview.2.24128.5"
        }
      },
      "Microsoft.Extensions.DependencyInjection": {
        "type": "Transitive",
        "resolved": "9.0.4",
        "contentHash": "f2MTUaS2EQ3lX4325ytPAISZqgBfXmY0WvgD80ji6Z20AoDNiCESxsqo6mFRwHJD/jfVKRw9FsW6+86gNre3ug==",
        "dependencies": {
          "Microsoft.Extensions.DependencyInjection.Abstractions": "9.0.4"
        }
      },
      "Microsoft.Extensions.DependencyInjection.Abstractions": {
        "type": "Transitive",
        "resolved": "9.0.4",
        "contentHash": "UI0TQPVkS78bFdjkTodmkH0Fe8lXv9LnhGFKgKrsgUJ5a5FVdFRcgjIkBVLbGgdRhxWirxH/8IXUtEyYJx6GQg=="
      },
      "Microsoft.Extensions.Diagnostics": {
        "type": "Transitive",
        "resolved": "9.0.0-preview.2.24128.5",
        "contentHash": "EwGmBvqOI4r2HNI26Wbl3pzmbW+4ROA+LNeZfGwrgzb1gsuWlhLyHTcBKNmkcCYzygNv9qhAeNE1Z5guDVdA9A==",
        "dependencies": {
          "Microsoft.Extensions.Configuration": "9.0.0-preview.2.24128.5",
          "Microsoft.Extensions.Diagnostics.Abstractions": "9.0.0-preview.2.24128.5",
          "Microsoft.Extensions.Options.ConfigurationExtensions": "9.0.0-preview.2.24128.5"
        }
      },
      "Microsoft.Extensions.Diagnostics.Abstractions": {
        "type": "Transitive",
        "resolved": "9.0.0-preview.2.24128.5",
        "contentHash": "sZbiNVAKW6Z7giY1LFHh5R8u1fQRYNHB2eCMv2M4rfk3FSZcqRA+JpeYKfiVru5bfVhqb+QTIMzNm5c6TKgrpg==",
        "dependencies": {
          "Microsoft.Extensions.DependencyInjection.Abstractions": "9.0.0-preview.2.24128.5",
          "Microsoft.Extensions.Options": "9.0.0-preview.2.24128.5",
          "System.Diagnostics.DiagnosticSource": "9.0.0-preview.2.24128.5"
        }
      },
      "Microsoft.Extensions.Http": {
        "type": "Transitive",
        "resolved": "9.0.0-preview.2.24128.5",
        "contentHash": "9gMW9R1O7iwiXah9t16TtoqMRSlk9YulVozbbkfjRP1t6Is/XD79bBgQDA7N2vq9+63MRRqYmQ87AwWafz60yw==",
        "dependencies": {
          "Microsoft.Extensions.Configuration.Abstractions": "9.0.0-preview.2.24128.5",
          "Microsoft.Extensions.DependencyInjection.Abstractions": "9.0.0-preview.2.24128.5",
          "Microsoft.Extensions.Diagnostics": "9.0.0-preview.2.24128.5",
          "Microsoft.Extensions.Logging": "9.0.0-preview.2.24128.5",
          "Microsoft.Extensions.Logging.Abstractions": "9.0.0-preview.2.24128.5",
          "Microsoft.Extensions.Options": "9.0.0-preview.2.24128.5"
        }
      },
      "Microsoft.Extensions.Http.Polly": {
        "type": "Transitive",
        "resolved": "9.0.0-preview.2.24128.4",
        "contentHash": "ZPipEg9RaxuEUzomweg8QOC+GbHtKf8c4M/fL0khxihW5V1o/ZlcH6MJdlqPbJATxJgYyvTqagh3JTsvz9mwQQ==",
        "dependencies": {
          "Microsoft.Extensions.Http": "9.0.0-preview.2.24128.5",
          "Polly": "7.2.4",
          "Polly.Extensions.Http": "3.0.0"
        }
      },
      "Microsoft.Extensions.Logging.Abstractions": {
        "type": "Transitive",
        "resolved": "9.0.4",
        "contentHash": "0MXlimU4Dud6t+iNi5NEz3dO2w1HXdhoOLaYFuLPCjAsvlPQGwOT6V2KZRMLEhCAm/stSZt1AUv0XmDdkjvtbw==",
        "dependencies": {
          "Microsoft.Extensions.DependencyInjection.Abstractions": "9.0.4"
        }
      },
      "Microsoft.Extensions.ObjectPool": {
        "type": "Transitive",
        "resolved": "7.0.0",
        "contentHash": "udvKco0sAVgYGTBnHUb0tY9JQzJ/nPDiv/8PIyz69wl1AibeCDZOLVVI+6156dPfHmJH7ws5oUJRiW4ZmAvuuA=="
      },
      "Microsoft.Extensions.Options": {
        "type": "Transitive",
        "resolved": "9.0.4",
        "contentHash": "fiFI2+58kicqVZyt/6obqoFwHiab7LC4FkQ3mmiBJ28Yy4fAvy2+v9MRnSvvlOO8chTOjKsdafFl/K9veCPo5g==",
        "dependencies": {
          "Microsoft.Extensions.DependencyInjection.Abstractions": "9.0.4",
          "Microsoft.Extensions.Primitives": "9.0.4"
        }
      },
      "Microsoft.Extensions.Options.ConfigurationExtensions": {
        "type": "Transitive",
        "resolved": "9.0.0-preview.2.24128.5",
        "contentHash": "xr5JMK/JuiQ9RAHrSzBTNXqEWwgUAb5bPti8UNMCxEBP+VirPfo6oFUWTyyOn/zJekTi246AQB1fz5kTM2zl8w==",
        "dependencies": {
          "Microsoft.Extensions.Configuration.Abstractions": "9.0.0-preview.2.24128.5",
          "Microsoft.Extensions.Configuration.Binder": "9.0.0-preview.2.24128.5",
          "Microsoft.Extensions.DependencyInjection.Abstractions": "9.0.0-preview.2.24128.5",
          "Microsoft.Extensions.Options": "9.0.0-preview.2.24128.5",
          "Microsoft.Extensions.Primitives": "9.0.0-preview.2.24128.5"
        }
      },
      "Microsoft.Extensions.Primitives": {
        "type": "Transitive",
        "resolved": "9.0.4",
        "contentHash": "SPFyMjyku1nqTFFJ928JAMd0QnRe4xjE7KeKnZMWXf3xk+6e0WiOZAluYtLdbJUXtsl2cCRSi8cBquJ408k8RA=="
      },
      "Microsoft.IdentityModel.Abstractions": {
        "type": "Transitive",
        "resolved": "7.3.1",
        "contentHash": "gIw8Sr5ZpuzKFBTfJonh2F54DivTzm5IIK15QB4Y6uE30uQdEO1NnCojTC/b6sWZoZzD0sdBa6SqwMXhucD+nA=="
      },
      "Microsoft.IdentityModel.JsonWebTokens": {
        "type": "Transitive",
        "resolved": "7.3.1",
        "contentHash": "mXA6AoaD5uZqtsKghgRiupBhyXNii8p9F2BjNLnDGud0tZLS5+4Fio2YAGjFXhnkc80CqgQ61X5U1gUNnDEoKQ==",
        "dependencies": {
          "Microsoft.IdentityModel.Tokens": "7.3.1"
        }
      },
      "Microsoft.IdentityModel.Logging": {
        "type": "Transitive",
        "resolved": "7.3.1",
        "contentHash": "uPt2aiRUCbcOc0Wk+dDCSClFfPNs3S3Z7fmy50MoxJ1mGmtVUDMpyRJeYzZ/16x4rL19T+g2zrzjcWoitp5+gQ==",
        "dependencies": {
          "Microsoft.IdentityModel.Abstractions": "7.3.1"
        }
      },
      "Microsoft.IdentityModel.Protocols": {
        "type": "Transitive",
        "resolved": "7.1.2",
        "contentHash": "SydLwMRFx6EHPWJ+N6+MVaoArN1Htt92b935O3RUWPY1yUF63zEjvd3lBu79eWdZUwedP8TN2I5V9T3nackvIQ==",
        "dependencies": {
          "Microsoft.IdentityModel.Logging": "7.1.2",
          "Microsoft.IdentityModel.Tokens": "7.1.2"
        }
      },
      "Microsoft.IdentityModel.Protocols.OpenIdConnect": {
        "type": "Transitive",
        "resolved": "7.1.2",
        "contentHash": "6lHQoLXhnMQ42mGrfDkzbIOR3rzKM1W1tgTeMPLgLCqwwGw0d96xFi/UiX/fYsu7d6cD5MJiL3+4HuI8VU+sVQ==",
        "dependencies": {
          "Microsoft.IdentityModel.Protocols": "7.1.2",
          "System.IdentityModel.Tokens.Jwt": "7.1.2"
        }
      },
      "Microsoft.IdentityModel.Tokens": {
        "type": "Transitive",
        "resolved": "7.3.1",
        "contentHash": "/c/p8/3CAH706c0ii5uTgSb/8M/jwyuurtdMeKTBeKFU9aA+EZrLu1M8aaS3CSlGaxoxsoaxr4/+KXykgQ4VgQ==",
        "dependencies": {
          "Microsoft.IdentityModel.Logging": "7.3.1"
        }
      },
      "Microsoft.NETCore.Platforms": {
        "type": "Transitive",
        "resolved": "1.1.0",
        "contentHash": "kz0PEW2lhqygehI/d6XsPCQzD7ff7gUJaVGPVETX611eadGsA3A877GdSlU0LRVMCTH/+P3o2iDTak+S08V2+A=="
      },
      "Microsoft.NETCore.Targets": {
        "type": "Transitive",
        "resolved": "1.1.0",
        "contentHash": "aOZA3BWfz9RXjpzt0sRJJMjAscAUm3Hoa4UWAfceV9UTYxgwZ1lZt5nO2myFf+/jetYQo4uTP7zS8sJY67BBxg=="
      },
      "Microsoft.OpenApi": {
        "type": "Transitive",
        "resolved": "1.6.13",
        "contentHash": "ed1ecKcBp24032vhHBldXbpUJf11hO4+w7hj80RTDoRNA8eXtaunuK44WXauHZO95eYxTT1rWuOwByEXJ+vKQA=="
      },
      "Microsoft.TestPlatform.ObjectModel": {
        "type": "Transitive",
        "resolved": "17.14.0-preview-25107-01",
        "contentHash": "aY8Esn7z6sQcjU5MU3TTM9VWVWx6X7lXtGS6AnBUIlX25qOJokS3+EeOI7TRkK91V8JpezG/HLvKHhwWHtw4cA==",
        "dependencies": {
          "System.Reflection.Metadata": "8.0.0"
        }
      },
      "Microsoft.TestPlatform.TestHost": {
        "type": "Transitive",
        "resolved": "17.14.0-preview-25107-01",
        "contentHash": "lxWsaVhwvgyymWyWD/84+cVv248cHlWxP33g6zrIFufr1XZkTiEr48cdWNB/TRXzR+CfXBoIxcePDVacUbw/nQ==",
        "dependencies": {
          "Microsoft.TestPlatform.ObjectModel": "17.14.0-preview-25107-01",
          "Newtonsoft.Json": "13.0.3"
        }
      },
      "MySql.Data": {
        "type": "Transitive",
        "resolved": "9.3.0",
        "contentHash": "f4iZBKubzwNnc84ecEwguv5TSwHpoArFGa+XpZY+8S9SoAnQaHfymLdZUKK4LbUbH9ACZ6X71LUvq58Mfdyipw==",
        "dependencies": {
          "BouncyCastle.Cryptography": "2.5.1",
          "Google.Protobuf": "3.30.0",
          "K4os.Compression.LZ4.Streams": "1.3.8",
          "System.Buffers": "4.5.1",
          "System.Configuration.ConfigurationManager": "8.0.0",
          "System.Diagnostics.DiagnosticSource": "8.0.1",
          "System.Runtime.CompilerServices.Unsafe": "6.0.0",
          "System.Runtime.Loader": "4.3.0",
          "System.Security.Permissions": "8.0.0",
          "System.Text.Encoding.CodePages": "8.0.0",
          "System.Text.Json": "9.0.0",
          "System.Threading.Tasks.Extensions": "4.5.4",
          "ZstdSharp.Port": "0.8.5"
        }
      },
      "MySql.EntityFrameworkCore": {
        "type": "Transitive",
        "resolved": "9.0.3",
        "contentHash": "xtWL0Kglhpl5FuK8/iDjHL6Z954fpr8Hi11nyuIEjClGX61zD6tVUtlbaAReiGSYhtBZAXEG5O7FYKy44QzhFw==",
        "dependencies": {
          "Microsoft.EntityFrameworkCore": "9.0.3",
          "Microsoft.EntityFrameworkCore.Relational": "9.0.3",
          "MySql.Data": "9.3.0"
        }
      },
      "MySqlConnector": {
        "type": "Transitive",
        "resolved": "2.3.5",
        "contentHash": "AmEfUPkFl+Ev6jJ8Dhns3CYHBfD12RHzGYWuLt6DfG6/af6YvOMyPz74ZPPjBYQGRJkumD2Z48Kqm8s5DJuhLA==",
        "dependencies": {
          "Microsoft.Extensions.Logging.Abstractions": "7.0.1"
        }
      },
      "Newtonsoft.Json": {
        "type": "Transitive",
        "resolved": "13.0.3",
        "contentHash": "HrC5BXdl00IP9zeV+0Z848QWPAoCr9P3bDEZguI+gkLcBKAOxix/tLEAAHC+UvDNPv4a2d18lOReHMOagPa+zQ=="
      },
      "Pipelines.Sockets.Unofficial": {
        "type": "Transitive",
        "resolved": "2.2.8",
        "contentHash": "zG2FApP5zxSx6OcdJQLbZDk2AVlN2BNQD6MorwIfV6gVj0RRxWPEp2LXAxqDGZqeNV1Zp0BNPcNaey/GXmTdvQ==",
        "dependencies": {
          "System.IO.Pipelines": "5.0.1"
        }
      },
      "Polly": {
        "type": "Transitive",
        "resolved": "7.2.4",
        "contentHash": "bw00Ck5sh6ekduDE3mnCo1ohzuad946uslCDEENu3091+6UKnBuKLo4e+yaNcCzXxOZCXWY2gV4a35+K1d4LDA=="
      },
      "Polly.Extensions.Http": {
        "type": "Transitive",
        "resolved": "3.0.0",
        "contentHash": "drrG+hB3pYFY7w1c3BD+lSGYvH2oIclH8GRSehgfyP5kjnFnHKQuuBhuHLv+PWyFuaTDyk/vfRpnxOzd11+J8g==",
        "dependencies": {
          "Polly": "7.1.0"
        }
      },
      "Pomelo.EntityFrameworkCore.MySql": {
        "type": "Transitive",
        "resolved": "9.0.0-preview.1",
        "contentHash": "qxIikXLZzQFI7I7VqES9BjMi+bfFYcb7iN/6NeN1j16Cz4MamrzqvjV/1bX1Olc19KRXWPGKUSXJVp/j94UpDg==",
        "dependencies": {
          "Microsoft.EntityFrameworkCore.Relational": "[9.0.0-preview.1.24081.2, 9.0.0-preview.1.999999]",
          "MySqlConnector": "2.3.5"
        }
      },
      "prometheus-net.AspNetCore": {
        "type": "Transitive",
        "resolved": "8.2.1",
        "contentHash": "/4TfTvbwIDqpaKTiWvEsjUywiHYF9zZvGZF5sK15avoDsUO/WPQbKsF8TiMaesuphdFQPK2z52P0zk6j26V0rQ==",
        "dependencies": {
          "prometheus-net": "8.2.1"
        }
      },
      "RabbitMQ.Client": {
        "type": "Transitive",
        "resolved": "6.8.1",
        "contentHash": "jNsmGgmCNw2S/NzskeN2ijtGywtH4Sk/G6jWUTD5sY9SrC27Xz6BsLIiB8hdsfjeyWCa4j4GvCIGkpE8wrjU1Q==",
        "dependencies": {
          "System.Memory": "4.5.5",
          "System.Threading.Channels": "7.0.0"
        }
      },
      "StackExchange.Redis": {
        "type": "Transitive",
        "resolved": "2.8.31",
        "contentHash": "RCHVQa9Zke8k0oBgJn1Yl6BuYy8i6kv+sdMObiH60nOwD6QvWAjxdDwOm+LO78E8WsGiPqgOuItkz98fPS6haQ==",
        "dependencies": {
          "Microsoft.Extensions.Logging.Abstractions": "6.0.0",
          "Pipelines.Sockets.Unofficial": "2.2.8"
        }
      },
      "Swashbuckle.AspNetCore": {
        "type": "Transitive",
        "resolved": "6.5.0",
        "contentHash": "FK05XokgjgwlCI6wCT+D4/abtQkL1X1/B9Oas6uIwHFmYrIO9WUD5aLC9IzMs9GnHfUXOtXZ2S43gN1mhs5+aA==",
        "dependencies": {
          "Microsoft.Extensions.ApiDescription.Server": "6.0.5",
          "Swashbuckle.AspNetCore.Swagger": "6.5.0",
          "Swashbuckle.AspNetCore.SwaggerGen": "6.5.0",
          "Swashbuckle.AspNetCore.SwaggerUI": "6.5.0"
        }
      },
      "Swashbuckle.AspNetCore.Swagger": {
        "type": "Transitive",
        "resolved": "6.5.0",
        "contentHash": "XWmCmqyFmoItXKFsQSwQbEAsjDKcxlNf1l+/Ki42hcb6LjKL8m5Db69OTvz5vLonMSRntYO1XLqz0OP+n3vKnA==",
        "dependencies": {
          "Microsoft.OpenApi": "1.2.3"
        }
      },
      "Swashbuckle.AspNetCore.SwaggerGen": {
        "type": "Transitive",
        "resolved": "6.5.0",
        "contentHash": "Y/qW8Qdg9OEs7V013tt+94OdPxbRdbhcEbw4NiwGvf4YBcfhL/y7qp/Mjv/cENsQ2L3NqJ2AOu94weBy/h4KvA==",
        "dependencies": {
          "Swashbuckle.AspNetCore.Swagger": "6.5.0"
        }
      },
      "Swashbuckle.AspNetCore.SwaggerUI": {
        "type": "Transitive",
        "resolved": "6.5.0",
        "contentHash": "OvbvxX+wL8skxTBttcBsVxdh73Fag4xwqEU2edh4JMn7Ws/xJHnY/JB1e9RoCb6XpDxUF3hD9A0Z1lEUx40Pfw=="
      },
      "System.Buffers": {
        "type": "Transitive",
        "resolved": "4.5.1",
        "contentHash": "Rw7ijyl1qqRS0YQD/WycNst8hUUMgrMH4FCn1nNm27M4VxchZ1js3fVjQaANHO5f3sN4isvP4a+Met9Y4YomAg=="
      },
      "System.Collections.Immutable": {
        "type": "Transitive",
        "resolved": "8.0.0",
        "contentHash": "AurL6Y5BA1WotzlEvVaIDpqzpIPvYnnldxru8oXJU2yFxFUy3+pNXjXd1ymO+RA0rq0+590Q8gaz2l3Sr7fmqg=="
      },
      "System.Configuration.ConfigurationManager": {
        "type": "Transitive",
        "resolved": "8.0.0",
        "contentHash": "JlYi9XVvIREURRUlGMr1F6vOFLk7YSY4p1vHo4kX3tQ0AGrjqlRWHDi66ImHhy6qwXBG3BJ6Y1QlYQ+Qz6Xgww==",
        "dependencies": {
          "System.Diagnostics.EventLog": "8.0.0",
          "System.Security.Cryptography.ProtectedData": "8.0.0"
        }
      },
      "System.Diagnostics.DiagnosticSource": {
        "type": "Transitive",
        "resolved": "9.0.0-preview.2.24128.5",
        "contentHash": "VBrex4coFLdclVsy0em9YACvmLfdFhxtPJ6n13Va8Fydw24uiJsEBfMKfblRgESQNnEM2y4En1Hhw6giq3LWvQ=="
      },
      "System.Diagnostics.EventLog": {
        "type": "Transitive",
        "resolved": "8.0.0",
        "contentHash": "fdYxcRjQqTTacKId/2IECojlDSFvp7LP5N78+0z/xH7v/Tuw5ZAxu23Y6PTCRinqyu2ePx+Gn1098NC6jM6d+A=="
      },
      "System.IdentityModel.Tokens.Jwt": {
        "type": "Transitive",
        "resolved": "7.3.1",
        "contentHash": "iE8biOWyAC1NnYcZGcgXErNACvIQ6Gcmg5s28gsjVbyyYdF9NdKsYzAPAsO3KGK86EQjpToI1AO82XbG8chkzA==",
        "dependencies": {
          "Microsoft.IdentityModel.JsonWebTokens": "7.3.1",
          "Microsoft.IdentityModel.Tokens": "7.3.1"
        }
      },
      "System.IO": {
        "type": "Transitive",
        "resolved": "4.3.0",
        "contentHash": "3qjaHvxQPDpSOYICjUoTsmoq5u6QJAFRUITgeT/4gqkF1bajbSmb1kwSxEA8AHlofqgcKJcM8udgieRNhaJ5Cg==",
        "dependencies": {
          "Microsoft.NETCore.Platforms": "1.1.0",
          "Microsoft.NETCore.Targets": "1.1.0",
          "System.Runtime": "4.3.0",
          "System.Text.Encoding": "4.3.0",
          "System.Threading.Tasks": "4.3.0"
        }
      },
      "System.IO.Pipelines": {
        "type": "Transitive",
        "resolved": "6.0.3",
        "contentHash": "ryTgF+iFkpGZY1vRQhfCzX0xTdlV3pyaTTqRu2ETbEv+HlV7O6y7hyQURnghNIXvctl5DuZ//Dpks6HdL/Txgw=="
      },
      "System.Memory": {
        "type": "Transitive",
        "resolved": "4.5.5",
        "contentHash": "XIWiDvKPXaTveaB7HVganDlOCRoj03l+jrwNvcge/t8vhGYKvqV+dMv6G4SAX2NoNmN0wZfVPTAlFwZcZvVOUw=="
      },
      "System.Reflection": {
        "type": "Transitive",
        "resolved": "4.3.0",
        "contentHash": "KMiAFoW7MfJGa9nDFNcfu+FpEdiHpWgTcS2HdMpDvt9saK3y/G4GwprPyzqjFH9NTaGPQeWNHU+iDlDILj96aQ==",
        "dependencies": {
          "Microsoft.NETCore.Platforms": "1.1.0",
          "Microsoft.NETCore.Targets": "1.1.0",
          "System.IO": "4.3.0",
          "System.Reflection.Primitives": "4.3.0",
          "System.Runtime": "4.3.0"
        }
      },
      "System.Reflection.Metadata": {
        "type": "Transitive",
        "resolved": "8.0.0",
        "contentHash": "ptvgrFh7PvWI8bcVqG5rsA/weWM09EnthFHR5SCnS6IN+P4mj6rE1lBDC4U8HL9/57htKAqy4KQ3bBj84cfYyQ==",
        "dependencies": {
          "System.Collections.Immutable": "8.0.0"
        }
      },
      "System.Reflection.Primitives": {
        "type": "Transitive",
        "resolved": "4.3.0",
        "contentHash": "5RXItQz5As4xN2/YUDxdpsEkMhvw3e6aNveFXUn4Hl/udNTCNhnKp8lT9fnc3MhvGKh1baak5CovpuQUXHAlIA==",
        "dependencies": {
          "Microsoft.NETCore.Platforms": "1.1.0",
          "Microsoft.NETCore.Targets": "1.1.0",
          "System.Runtime": "4.3.0"
        }
      },
      "System.Runtime": {
        "type": "Transitive",
        "resolved": "4.3.0",
        "contentHash": "JufQi0vPQ0xGnAczR13AUFglDyVYt4Kqnz1AZaiKZ5+GICq0/1MH/mO/eAJHt/mHW1zjKBJd7kV26SrxddAhiw==",
        "dependencies": {
          "Microsoft.NETCore.Platforms": "1.1.0",
          "Microsoft.NETCore.Targets": "1.1.0"
        }
      },
      "System.Runtime.CompilerServices.Unsafe": {
        "type": "Transitive",
        "resolved": "6.0.0",
        "contentHash": "/iUeP3tq1S0XdNNoMz5C9twLSrM/TH+qElHkXWaPvuNOt+99G75NrV0OS2EqHx5wMN7popYjpc8oTjC1y16DLg=="
      },
      "System.Runtime.Loader": {
        "type": "Transitive",
        "resolved": "4.3.0",
        "contentHash": "DHMaRn8D8YCK2GG2pw+UzNxn/OHVfaWx7OTLBD/hPegHZZgcZh3H6seWegrC4BYwsfuGrywIuT+MQs+rPqRLTQ==",
        "dependencies": {
          "System.IO": "4.3.0",
          "System.Reflection": "4.3.0",
          "System.Runtime": "4.3.0"
        }
      },
      "System.Security.Cryptography.ProtectedData": {
        "type": "Transitive",
        "resolved": "8.0.0",
        "contentHash": "+TUFINV2q2ifyXauQXRwy4CiBhqvDEDZeVJU7qfxya4aRYOKzVBpN+4acx25VcPB9ywUN6C0n8drWl110PhZEg=="
      },
      "System.Security.Permissions": {
        "type": "Transitive",
        "resolved": "8.0.0",
        "contentHash": "v/BBylw7XevuAsHXoX9dDUUfmBIcUf7Lkz8K3ZXIKz3YRKpw8YftpSir4n4e/jDTKFoaK37AsC3xnk+GNFI1Ow==",
        "dependencies": {
          "System.Windows.Extensions": "8.0.0"
        }
      },
      "System.Text.Encoding": {
        "type": "Transitive",
        "resolved": "4.3.0",
        "contentHash": "BiIg+KWaSDOITze6jGQynxg64naAPtqGHBwDrLaCtixsa5bKiR8dpPOHA7ge3C0JJQizJE+sfkz1wV+BAKAYZw==",
        "dependencies": {
          "Microsoft.NETCore.Platforms": "1.1.0",
          "Microsoft.NETCore.Targets": "1.1.0",
          "System.Runtime": "4.3.0"
        }
      },
      "System.Text.Encoding.CodePages": {
        "type": "Transitive",
        "resolved": "8.0.0",
        "contentHash": "OZIsVplFGaVY90G2SbpgU7EnCoOO5pw1t4ic21dBF3/1omrJFpAGoNAVpPyMVOC90/hvgkGG3VFqR13YgZMQfg=="
      },
      "System.Text.Json": {
        "type": "Transitive",
        "resolved": "9.0.0",
        "contentHash": "js7+qAu/9mQvnhA4EfGMZNEzXtJCDxgkgj8ohuxq/Qxv+R56G+ljefhiJHOxTNiw54q8vmABCWUwkMulNdlZ4A=="
      },
      "System.Threading.Channels": {
        "type": "Transitive",
        "resolved": "7.0.0",
        "contentHash": "qmeeYNROMsONF6ndEZcIQ+VxR4Q/TX/7uIVLJqtwIWL7dDWeh0l1UIqgo4wYyjG//5lUNhwkLDSFl+pAWO6oiA=="
      },
      "System.Threading.Tasks": {
        "type": "Transitive",
        "resolved": "4.3.0",
        "contentHash": "LbSxKEdOUhVe8BezB/9uOGGppt+nZf6e1VFyw6v3DN6lqitm0OSn2uXMOdtP0M3W4iMcqcivm2J6UgqiwwnXiA==",
        "dependencies": {
          "Microsoft.NETCore.Platforms": "1.1.0",
          "Microsoft.NETCore.Targets": "1.1.0",
          "System.Runtime": "4.3.0"
        }
      },
      "System.Threading.Tasks.Extensions": {
        "type": "Transitive",
        "resolved": "4.5.4",
        "contentHash": "zteT+G8xuGu6mS+mzDzYXbzS7rd3K6Fjb9RiZlYlJPam2/hU7JCBZBVEcywNuR+oZ1ncTvc/cq0faRr3P01OVg=="
      },
      "System.Windows.Extensions": {
        "type": "Transitive",
        "resolved": "8.0.0",
        "contentHash": "Obg3a90MkOw9mYKxrardLpY2u0axDMrSmy4JCdq2cYbelM2cUwmUir5Bomvd1yxmPL9h5LVHU1tuKBZpUjfASg=="
      },
      "xunit.abstractions": {
        "type": "Transitive",
        "resolved": "2.0.3",
        "contentHash": "pot1I4YOxlWjIb5jmwvvQNbTrZ3lJQ+jUGkGjWE3hEFM0l5gOnBWS+H3qsex68s5cO52g+44vpGzhAt+42vwKg=="
      },
      "xunit.analyzers": {
        "type": "Transitive",
        "resolved": "1.18.0",
        "contentHash": "OtFMHN8yqIcYP9wcVIgJrq01AfTxijjAqVDy/WeQVSyrDC1RzBWeQPztL49DN2syXRah8TYnfvk035s7L95EZQ=="
      },
      "xunit.assert": {
        "type": "Transitive",
        "resolved": "2.9.3",
        "contentHash": "/Kq28fCE7MjOV42YLVRAJzRF0WmEqsmflm0cfpMjGtzQ2lR5mYVj1/i0Y8uDAOLczkL3/jArrwehfMD0YogMAA=="
      },
      "xunit.core": {
        "type": "Transitive",
        "resolved": "2.9.3",
        "contentHash": "BiAEvqGvyme19wE0wTKdADH+NloYqikiU0mcnmiNyXaF9HyHmE6sr/3DC5vnBkgsWaE6yPyWszKSPSApWdRVeQ==",
        "dependencies": {
          "xunit.extensibility.core": "[2.9.3]",
          "xunit.extensibility.execution": "[2.9.3]"
        }
      },
      "xunit.extensibility.core": {
        "type": "Transitive",
        "resolved": "2.9.3",
        "contentHash": "kf3si0YTn2a8J8eZNb+zFpwfoyvIrQ7ivNk5ZYA5yuYk1bEtMe4DxJ2CF/qsRgmEnDr7MnW1mxylBaHTZ4qErA==",
        "dependencies": {
          "xunit.abstractions": "2.0.3"
        }
      },
      "xunit.extensibility.execution": {
        "type": "Transitive",
        "resolved": "2.9.3",
        "contentHash": "yMb6vMESlSrE3Wfj7V6cjQ3S4TXdXpRqYeNEI3zsX31uTsGMJjEw6oD5F5u1cHnMptjhEECnmZSsPxB6ChZHDQ==",
        "dependencies": {
          "xunit.extensibility.core": "[2.9.3]"
        }
      },
      "ZstdSharp.Port": {
        "type": "Transitive",
        "resolved": "0.8.5",
        "contentHash": "TR4j17WeVSEb3ncgL2NqlXEqcy04I+Kk9CaebNDplUeL8XOgjkZ7fP4Wg4grBdPLIqsV86p2QaXTkZoRMVOsew=="
      },
      "transactionservice": {
        "type": "Project",
        "dependencies": {
          "Microsoft.AspNetCore.Authentication.JwtBearer": "[9.0.0-preview.3.24172.5, )",
          "Microsoft.AspNetCore.OpenApi": "[9.0.0-preview.3.24172.5, )",
          "Microsoft.EntityFrameworkCore": "[9.0.0-preview.1.24081.2, )",
          "Microsoft.EntityFrameworkCore.Relational": "[9.0.0-preview.1.24081.2, )",
          "Microsoft.Extensions.Http.Polly": "[9.0.0-preview.2.24128.4, )",
          "Microsoft.NET.Test.Sdk": "[17.13.0, )",
          "Moq": "[4.20.72, )",
          "MySql.EntityFrameworkCore": "[9.0.3, )",
          "MySqlConnector": "[2.3.5, )",
          "Pomelo.EntityFrameworkCore.MySql": "[9.0.0-preview.1, )",
          "RabbitMQ.Client": "[6.8.1, )",
          "StackExchange.Redis": "[2.8.31, )",
          "Swashbuckle.AspNetCore": "[6.5.0, )",
          "System.IdentityModel.Tokens.Jwt": "[7.3.1, )",
          "prometheus-net": "[8.2.1, )",
          "prometheus-net.AspNetCore": "[8.2.1, )",
          "xunit": "[2.9.3, )"
        }
      }
    }
  }
}