{
  "version": 1,
  "dependencies": {
    "net9.0": {
      "Microsoft.EntityFrameworkCore": {
        "type": "Direct",
        "requested": "[9.0.0-preview.3.24172.4, )",
        "resolved": "9.0.0-preview.3.24172.4",
        "contentHash": "8048WxaAf8UHdeaBlfkvUZMjH42zKOfaFEQHLTi5xqs7TDjiH69yHfrk0wLG56FeMX/d0Fm0QyO5Q1fAKDUDNA==",
        "dependencies": {
          "Microsoft.EntityFrameworkCore.Abstractions": "9.0.0-preview.3.24172.4",
          "Microsoft.EntityFrameworkCore.Analyzers": "9.0.0-preview.3.24172.4",
          "Microsoft.Extensions.Caching.Memory": "9.0.0-preview.3.24172.9",
          "Microsoft.Extensions.Logging": "9.0.0-preview.3.24172.9"
        }
      },
      "Microsoft.EntityFrameworkCore.Relational": {
        "type": "Direct",
        "requested": "[9.0.0-preview.3.24172.4, )",
        "resolved": "9.0.0-preview.3.24172.4",
        "contentHash": "dte8CsWFJEt4nrDGm8QDsr98YZ52RkavC0KBtobZ7wxZ/rKGUlgicv7EOKmy1DhI2ya7mWqmHwkwgBc0bxPzYg==",
        "dependencies": {
          "Microsoft.EntityFrameworkCore": "9.0.0-preview.3.24172.4",
          "Microsoft.Extensions.Configuration.Abstractions": "9.0.0-preview.3.24172.9"
        }
      },
      "Microsoft.Extensions.Logging": {
        "type": "Direct",
        "requested": "[9.0.0-preview.3.24172.9, )",
        "resolved": "9.0.0-preview.3.24172.9",
        "contentHash": "jxyapuSpRYSvKPhwb+XPs1h5qyjB7FywdiigHpgi1yIV5Vo/cD46CnhiS0upBxoB8+c1uj+auqHcLtVHhZOWaw==",
        "dependencies": {
          "Microsoft.Extensions.DependencyInjection": "9.0.0-preview.3.24172.9",
          "Microsoft.Extensions.Logging.Abstractions": "9.0.0-preview.3.24172.9",
          "Microsoft.Extensions.Options": "9.0.0-preview.3.24172.9"
        }
      },
      "Microsoft.NET.Test.Sdk": {
        "type": "Direct",
        "requested": "[17.10.0, )",
        "resolved": "17.10.0",
        "contentHash": "0/2HeACkaHEYU3wc83YlcD2Fi4LMtECJjqrtvw0lPi9DCEa35zSPt1j4fuvM8NagjDqJuh1Ja35WcRtn1Um6/A==",
        "dependencies": {
          "Microsoft.CodeCoverage": "17.10.0",
          "Microsoft.TestPlatform.TestHost": "17.10.0"
        }
      },
      "Moq": {
        "type": "Direct",
        "requested": "[4.20.70, )",
        "resolved": "4.20.70",
        "contentHash": "4rNnAwdpXJBuxqrOCzCyICXHSImOTRktCgCWXWykuF1qwoIsVvEnR7PjbMk/eLOxWvhmj5Kwt+kDV3RGUYcNwg==",
        "dependencies": {
          "Castle.Core": "5.1.1"
        }
      },
      "Pomelo.EntityFrameworkCore.MySql": {
        "type": "Direct",
        "requested": "[9.0.0-preview.3.efcore.9.0.0, )",
        "resolved": "9.0.0-preview.3.efcore.9.0.0",
        "contentHash": "jNC/DLeRfFpgklIoSYkX3VoQy+ILY0wIZRtiYZrWknSv3u7BERM1XJcGDY9gt+RliPI07eUHE8utc315cH35hw==",
        "dependencies": {
          "Microsoft.EntityFrameworkCore.Relational": "[9.0.0, 9.0.999]",
          "MySqlConnector": "2.4.0"
        }
      },
      "prometheus-net": {
        "type": "Direct",
        "requested": "[8.2.1, )",
        "resolved": "8.2.1",
        "contentHash": "3wVgdEPOCBF752s2xps5T+VH+c9mJK8S8GKEDg49084P6JZMumTZI5Te6aJ9MQpX0sx7om6JOnBpIi7ZBmmiDQ==",
        "dependencies": {
          "Microsoft.Extensions.Http": "3.1.0",
          "Microsoft.Extensions.ObjectPool": "7.0.0"
        }
      },
      "xunit": {
        "type": "Direct",
        "requested": "[2.6.6, )",
        "resolved": "2.6.6",
        "contentHash": "MAbOOMtZIKyn2lrAmMlvhX0BhDOX/smyrTB+8WTXnSKkrmTGBS2fm8g1PZtHBPj91Dc5DJA7fY+/81TJ/yUFZw==",
        "dependencies": {
          "xunit.analyzers": "1.10.0",
          "xunit.assert": "2.6.6",
          "xunit.core": "[2.6.6]"
        }
      },
      "xunit.runner.visualstudio": {
        "type": "Direct",
        "requested": "[2.5.6, )",
        "resolved": "2.5.6",
        "contentHash": "CW6uhMXNaQQNMSG1IWhHkBT+V5eqHqn7MP0zfNMhU9wS/sgKX7FGL3rzoaUgt26wkY3bpf7pDVw3IjXhwfiP4w=="
      },
      "Castle.Core": {
        "type": "Transitive",
        "resolved": "5.1.1",
        "contentHash": "rpYtIczkzGpf+EkZgDr9CClTdemhsrwA/W5hMoPjLkRFnXzH44zDLoovXeKtmxb1ykXK9aJVODSpiJml8CTw2g==",
        "dependencies": {
          "System.Diagnostics.EventLog": "6.0.0"
        }
      },
      "Microsoft.CodeCoverage": {
        "type": "Transitive",
        "resolved": "17.10.0",
        "contentHash": "yC7oSlnR54XO5kOuHlVOKtxomNNN1BWXX8lK1G2jaPXT9sUok7kCOoA4Pgs0qyFaCtMrNsprztYMeoEGqCm4uA=="
      },
      "Microsoft.EntityFrameworkCore.Abstractions": {
        "type": "Transitive",
        "resolved": "9.0.0-preview.3.24172.4",
        "contentHash": "kXxQ0X4VO9lot9D6pU2QkBI7BKsTHSMUC7sw9XLjIpW6TErMEq9k8p8buapJssQNjYsaMpSAqvBSV7D1yCzczQ=="
      },
      "Microsoft.EntityFrameworkCore.Analyzers": {
        "type": "Transitive",
        "resolved": "9.0.0-preview.3.24172.4",
        "contentHash": "O967hNSzxByRR/AXKygnHYyYtfpuORtQS6vR0mbrXmXD0EDbZI3uj6CDvuHN2RzizFqkw19sBWdkF5ckbscNVQ=="
      },
      "Microsoft.Extensions.ApiDescription.Server": {
        "type": "Transitive",
        "resolved": "6.0.5",
        "contentHash": "Ckb5EDBUNJdFWyajfXzUIMRkhf52fHZOQuuZg/oiu8y7zDCVwD0iHhew6MnThjHmevanpxL3f5ci2TtHQEN6bw=="
      },
      "Microsoft.Extensions.Caching.Abstractions": {
        "type": "Transitive",
        "resolved": "9.0.0-preview.3.24172.9",
        "contentHash": "P65stJCenLENUnl33FtSE2VueD5unLBYZ5DefAzetq5+fSia8engFE8tElNvV3VoVY430hmEHJoxQAN+cUvQVg==",
        "dependencies": {
          "Microsoft.Extensions.Primitives": "9.0.0-preview.3.24172.9"
        }
      },
      "Microsoft.Extensions.Caching.Memory": {
        "type": "Transitive",
        "resolved": "9.0.0-preview.3.24172.9",
        "contentHash": "Aho8wQMeWhOOpQ+dthZR2KcR8ZF/c9WzoorKqOLGPbyIl+LuJH3fFlaFpFESwbrz7NbijwcJyzsSDPYCND3Lwg==",
        "dependencies": {
          "Microsoft.Extensions.Caching.Abstractions": "9.0.0-preview.3.24172.9",
          "Microsoft.Extensions.DependencyInjection.Abstractions": "9.0.0-preview.3.24172.9",
          "Microsoft.Extensions.Logging.Abstractions": "9.0.0-preview.3.24172.9",
          "Microsoft.Extensions.Options": "9.0.0-preview.3.24172.9",
          "Microsoft.Extensions.Primitives": "9.0.0-preview.3.24172.9"
        }
      },
      "Microsoft.Extensions.Configuration.Abstractions": {
        "type": "Transitive",
        "resolved": "9.0.0-preview.3.24172.9",
        "contentHash": "LAZhuLfRq6ZFBLYMMXrnY7bUtn5tiIF1vsRhA40XuTMc593VoaXNp0IjBHwfbWqRjYGPuRYL5LGG0qP3mp+9/Q==",
        "dependencies": {
          "Microsoft.Extensions.Primitives": "9.0.0-preview.3.24172.9"
        }
      },
      "Microsoft.Extensions.DependencyInjection": {
        "type": "Transitive",
        "resolved": "9.0.0-preview.3.24172.9",
        "contentHash": "9pc1Xlg99FqX1I57VtPv6fbhcrmOoA7p3/b+DwxAENaFz5JJt50CsVRq8WAvR5Fa+grFziewP3A/W0x9q5NYTw==",
        "dependencies": {
          "Microsoft.Extensions.DependencyInjection.Abstractions": "9.0.0-preview.3.24172.9"
        }
      },
      "Microsoft.Extensions.DependencyInjection.Abstractions": {
        "type": "Transitive",
        "resolved": "9.0.0-preview.3.24172.9",
        "contentHash": "3176Psy4JxVCJI9L57MyLXt+0HmCylzFmblmmG4GNbxCArrt8slJGWootNRj7rJBh1CPNXOI3nwk9VvDLj/8oQ=="
      },
      "Microsoft.Extensions.Http": {
        "type": "Transitive",
        "resolved": "3.1.0",
        "contentHash": "DLigdcV0nYaT6/ly0rnfP80BnXq8NNd/h8/SkfY39uio7Bd9LauVntp6RcRh1Kj23N+uf80GgL7Win6P3BCtoQ==",
        "dependencies": {
          "Microsoft.Extensions.DependencyInjection.Abstractions": "3.1.0",
          "Microsoft.Extensions.Logging": "3.1.0",
          "Microsoft.Extensions.Options": "3.1.0"
        }
      },
      "Microsoft.Extensions.Logging.Abstractions": {
        "type": "Transitive",
        "resolved": "9.0.0-preview.3.24172.9",
        "contentHash": "b9wNSdoc20aarUp1ktpS2ERzO9MDqLflH2TmW/CXmjEnCli8CQ5gI+BeTyHa3j4RXwuhJiV4ssvthXYQj5rpWQ==",
        "dependencies": {
          "Microsoft.Extensions.DependencyInjection.Abstractions": "9.0.0-preview.3.24172.9"
        }
      },
      "Microsoft.Extensions.ObjectPool": {
        "type": "Transitive",
        "resolved": "7.0.0",
        "contentHash": "udvKco0sAVgYGTBnHUb0tY9JQzJ/nPDiv/8PIyz69wl1AibeCDZOLVVI+6156dPfHmJH7ws5oUJRiW4ZmAvuuA=="
      },
      "Microsoft.Extensions.Options": {
        "type": "Transitive",
        "resolved": "9.0.0-preview.3.24172.9",
        "contentHash": "r74tRvh++amfqCHaCpKwERcN59xoLhFD9VrHFca+p1u0olWo7qKAO+uZDC4tXFEtgr307/AD4xRApyji3Tk99A==",
        "dependencies": {
          "Microsoft.Extensions.DependencyInjection.Abstractions": "9.0.0-preview.3.24172.9",
          "Microsoft.Extensions.Primitives": "9.0.0-preview.3.24172.9"
        }
      },
      "Microsoft.Extensions.Primitives": {
        "type": "Transitive",
        "resolved": "9.0.0-preview.3.24172.9",
        "contentHash": "+Z0U5wqkxw687YJZijjQ/rwtIfv5nxrR3XuStq//klsyzqYoXMur2chHoHA9x+TkFzIZm8KX+Dr/jwaOdq28Jw=="
      },
      "Microsoft.IdentityModel.Abstractions": {
        "type": "Transitive",
        "resolved": "7.3.1",
        "contentHash": "gIw8Sr5ZpuzKFBTfJonh2F54DivTzm5IIK15QB4Y6uE30uQdEO1NnCojTC/b6sWZoZzD0sdBa6SqwMXhucD+nA=="
      },
      "Microsoft.IdentityModel.JsonWebTokens": {
        "type": "Transitive",
        "resolved": "7.3.1",
        "contentHash": "mXA6AoaD5uZqtsKghgRiupBhyXNii8p9F2BjNLnDGud0tZLS5+4Fio2YAGjFXhnkc80CqgQ61X5U1gUNnDEoKQ==",
        "dependencies": {
          "Microsoft.IdentityModel.Tokens": "7.3.1"
        }
      },
      "Microsoft.IdentityModel.Logging": {
        "type": "Transitive",
        "resolved": "7.3.1",
        "contentHash": "uPt2aiRUCbcOc0Wk+dDCSClFfPNs3S3Z7fmy50MoxJ1mGmtVUDMpyRJeYzZ/16x4rL19T+g2zrzjcWoitp5+gQ==",
        "dependencies": {
          "Microsoft.IdentityModel.Abstractions": "7.3.1"
        }
      },
      "Microsoft.IdentityModel.Tokens": {
        "type": "Transitive",
        "resolved": "7.3.1",
        "contentHash": "/c/p8/3CAH706c0ii5uTgSb/8M/jwyuurtdMeKTBeKFU9aA+EZrLu1M8aaS3CSlGaxoxsoaxr4/+KXykgQ4VgQ==",
        "dependencies": {
          "Microsoft.IdentityModel.Logging": "7.3.1"
        }
      },
      "Microsoft.OpenApi": {
        "type": "Transitive",
        "resolved": "1.2.3",
        "contentHash": "Nug3rO+7Kl5/SBAadzSMAVgqDlfGjJZ0GenQrLywJ84XGKO0uRqkunz5Wyl0SDwcR71bAATXvSdbdzPrYRYKGw=="
      },
      "Microsoft.TestPlatform.ObjectModel": {
        "type": "Transitive",
        "resolved": "17.10.0",
        "contentHash": "KkwhjQevuDj0aBRoPLY6OLAhGqbPUEBuKLbaCs0kUVw29qiOYncdORd4mLVJbn9vGZ7/iFGQ/+AoJl0Tu5Umdg==",
        "dependencies": {
          "System.Reflection.Metadata": "1.6.0"
        }
      },
      "Microsoft.TestPlatform.TestHost": {
        "type": "Transitive",
        "resolved": "17.10.0",
        "contentHash": "LWpMdfqhHvcUkeMCvNYJO8QlPLlYz9XPPb+ZbaXIKhdmjAV0wqTSrTiW5FLaf7RRZT50AQADDOYMOe0HxDxNgA==",
        "dependencies": {
          "Microsoft.TestPlatform.ObjectModel": "17.10.0",
          "Newtonsoft.Json": "13.0.1"
        }
      },
      "MySqlConnector": {
        "type": "Transitive",
        "resolved": "2.4.0",
        "contentHash": "78M+gVOjbdZEDIyXQqcA7EYlCGS3tpbUELHvn6638A2w0pkPI625ixnzsa5staAd3N9/xFmPJtkKDYwsXpFi/w==",
        "dependencies": {
          "Microsoft.Extensions.DependencyInjection.Abstractions": "8.0.2",
          "Microsoft.Extensions.Logging.Abstractions": "8.0.2"
        }
      },
      "Newtonsoft.Json": {
        "type": "Transitive",
        "resolved": "13.0.1",
        "contentHash": "ppPFpBcvxdsfUonNcvITKqLl3bqxWbDCZIzDWHzjpdAHRFfZe0Dw9HmA0+za13IdyrgJwpkDTDA9fHaxOrt20A=="
      },
      "Swashbuckle.AspNetCore": {
        "type": "Transitive",
        "resolved": "6.5.0",
        "contentHash": "FK05XokgjgwlCI6wCT+D4/abtQkL1X1/B9Oas6uIwHFmYrIO9WUD5aLC9IzMs9GnHfUXOtXZ2S43gN1mhs5+aA==",
        "dependencies": {
          "Microsoft.Extensions.ApiDescription.Server": "6.0.5",
          "Swashbuckle.AspNetCore.Swagger": "6.5.0",
          "Swashbuckle.AspNetCore.SwaggerGen": "6.5.0",
          "Swashbuckle.AspNetCore.SwaggerUI": "6.5.0"
        }
      },
      "Swashbuckle.AspNetCore.Swagger": {
        "type": "Transitive",
        "resolved": "6.5.0",
        "contentHash": "XWmCmqyFmoItXKFsQSwQbEAsjDKcxlNf1l+/Ki42hcb6LjKL8m5Db69OTvz5vLonMSRntYO1XLqz0OP+n3vKnA==",
        "dependencies": {
          "Microsoft.OpenApi": "1.2.3"
        }
      },
      "Swashbuckle.AspNetCore.SwaggerGen": {
        "type": "Transitive",
        "resolved": "6.5.0",
        "contentHash": "Y/qW8Qdg9OEs7V013tt+94OdPxbRdbhcEbw4NiwGvf4YBcfhL/y7qp/Mjv/cENsQ2L3NqJ2AOu94weBy/h4KvA==",
        "dependencies": {
          "Swashbuckle.AspNetCore.Swagger": "6.5.0"
        }
      },
      "Swashbuckle.AspNetCore.SwaggerUI": {
        "type": "Transitive",
        "resolved": "6.5.0",
        "contentHash": "OvbvxX+wL8skxTBttcBsVxdh73Fag4xwqEU2edh4JMn7Ws/xJHnY/JB1e9RoCb6XpDxUF3hD9A0Z1lEUx40Pfw=="
      },
      "System.Diagnostics.EventLog": {
        "type": "Transitive",
        "resolved": "6.0.0",
        "contentHash": "lcyUiXTsETK2ALsZrX+nWuHSIQeazhqPphLfaRxzdGaG93+0kELqpgEHtwWOlQe7+jSFnKwaCAgL4kjeZCQJnw=="
      },
      "System.IdentityModel.Tokens.Jwt": {
        "type": "Transitive",
        "resolved": "7.3.1",
        "contentHash": "iE8biOWyAC1NnYcZGcgXErNACvIQ6Gcmg5s28gsjVbyyYdF9NdKsYzAPAsO3KGK86EQjpToI1AO82XbG8chkzA==",
        "dependencies": {
          "Microsoft.IdentityModel.JsonWebTokens": "7.3.1",
          "Microsoft.IdentityModel.Tokens": "7.3.1"
        }
      },
      "System.Reflection.Metadata": {
        "type": "Transitive",
        "resolved": "1.6.0",
        "contentHash": "COC1aiAJjCoA5GBF+QKL2uLqEBew4JsCkQmoHKbN3TlOZKa2fKLz5CpiRQKDz0RsAOEGsVKqOD5bomsXq/4STQ=="
      },
      "xunit.abstractions": {
        "type": "Transitive",
        "resolved": "2.0.3",
        "contentHash": "pot1I4YOxlWjIb5jmwvvQNbTrZ3lJQ+jUGkGjWE3hEFM0l5gOnBWS+H3qsex68s5cO52g+44vpGzhAt+42vwKg=="
      },
      "xunit.analyzers": {
        "type": "Transitive",
        "resolved": "1.10.0",
        "contentHash": "Lw8CiDy5NaAWcO6keqD7iZHYUTIuCOcoFrUHw5Sv84ITZ9gFeDybdkVdH0Y2maSlP9fUjtENyiykT44zwFQIHA=="
      },
      "xunit.assert": {
        "type": "Transitive",
        "resolved": "2.6.6",
        "contentHash": "74Cm9lAZOk5TKCz2MvCBCByKsS23yryOKDIMxH3XRDHXmfGM02jKZWzRA7g4mGB41GnBnv/pcWP3vUYkrCtEcg=="
      },
      "xunit.core": {
        "type": "Transitive",
        "resolved": "2.6.6",
        "contentHash": "tqi7RfaNBqM7t8zx6QHryuBPzmotsZXKGaWnopQG2Ez5UV7JoWuyoNdT6gLpDIcKdGYey6YTXJdSr9IXDMKwjg==",
        "dependencies": {
          "xunit.extensibility.core": "[2.6.6]",
          "xunit.extensibility.execution": "[2.6.6]"
        }
      },
      "xunit.extensibility.core": {
        "type": "Transitive",
        "resolved": "2.6.6",
        "contentHash": "ty6VKByzbx4Toj4/VGJLEnlmOawqZiMv0in/tLju+ftA+lbWuAWDERM+E52Jfhj4ZYHrAYVa14KHK5T+dq0XxA==",
        "dependencies": {
          "xunit.abstractions": "2.0.3"
        }
      },
      "xunit.extensibility.execution": {
        "type": "Transitive",
        "resolved": "2.6.6",
        "contentHash": "UDjIVGj2TepVKN3n32/qXIdb3U6STwTb9L6YEwoQO2A8OxiJS5QAVv2l1aT6tDwwv/9WBmm8Khh/LyHALipcng==",
        "dependencies": {
          "xunit.extensibility.core": "[2.6.6]"
        }
      },
      "transactionservice": {
        "type": "Project",
        "dependencies": {
          "Microsoft.EntityFrameworkCore": "[9.0.0-preview.3.24172.4, )",
          "Microsoft.EntityFrameworkCore.Relational": "[9.0.0-preview.3.24172.4, )",
          "Microsoft.Extensions.Logging": "[9.0.0-preview.3.24172.9, )",
          "MySqlConnector": "[2.3.5, )",
          "Pomelo.EntityFrameworkCore.MySql": "[9.0.0-preview.3.efcore.9.0.0, )",
          "Swashbuckle.AspNetCore": "[6.5.0, )",
          "System.IdentityModel.Tokens.Jwt": "[7.3.1, )"
        }
      }
    }
  }
}